Microsoft Visual Studio Solution File, Format Version 12.00
# Visual Studio Version 17
VisualStudioVersion = 17.5.2.0
MinimumVisualStudioVersion = 10.0.40219.1
Project("{FAE04EC0-301F-11D3-BF4B-00C04F79EFBC}") = "Unhosted_Api", "Unhosted_Api.csproj", "{5EEECCDD-03A1-38EA-15E3-30E8D048378C}"
EndProject
Global
	GlobalSection(SolutionConfigurationPlatforms) = preSolution
		Debug|Any CPU = Debug|Any CPU
		Release|Any CPU = Release|Any CPU
	EndGlobalSection
	GlobalSection(ProjectConfigurationPlatforms) = postSolution
		{5EEECCDD-03A1-38EA-15E3-30E8D048378C}.Debug|Any CPU.ActiveCfg = Debug|Any CPU
		{5EEECCDD-03A1-38EA-15E3-30E8D048378C}.Debug|Any CPU.Build.0 = Debug|Any CPU
		{5EEECCDD-03A1-38EA-15E3-30E8D048378C}.Release|Any CPU.ActiveCfg = Release|Any CPU
		{5EEECCDD-03A1-38EA-15E3-30E8D048378C}.Release|Any CPU.Build.0 = Release|Any CPU
	EndGlobalSection
	GlobalSection(SolutionProperties) = preSolution
		HideSolutionNode = FALSE
	EndGlobalSection
	GlobalSection(ExtensibilityGlobals) = postSolution
		SolutionGuid = {5C385311-DF62-4B45-B708-B34D3B57B796}
	EndGlobalSection
EndGlobal
